
Microsoft Visual Studio Solution File, Format Version 12.00
# Visual Studio Version 17
VisualStudioVersion = 17.0.31919.166
MinimumVisualStudioVersion = 10.0.40219.1
Project("{FAE04EC0-301F-11D3-BF4B-00C04F79EFBC}") = "CommandLineReader", "CommandLineReader\CommandLineReader.csproj", "{099C1263-4D57-4244-AE0C-54EB6B56E8E7}"
EndProject
Global
	GlobalSection(SolutionConfigurationPlatforms) = preSolution
		Debug|Any CPU = Debug|Any CPU
		Release|Any CPU = Release|Any CPU
	EndGlobalSection
	GlobalSection(ProjectConfigurationPlatforms) = postSolution
		{099C1263-4D57-4244-AE0C-54EB6B56E8E7}.Debug|Any CPU.ActiveCfg = Debug|Any CPU
		{099C1263-4D57-4244-AE0C-54EB6B56E8E7}.Debug|Any CPU.Build.0 = Debug|Any CPU
		{099C1263-4D57-4244-AE0C-54EB6B56E8E7}.Release|Any CPU.ActiveCfg = Release|Any CPU
		{099C1263-4D57-4244-AE0C-54EB6B56E8E7}.Release|Any CPU.Build.0 = Release|Any CPU
	EndGlobalSection
	GlobalSection(SolutionProperties) = preSolution
		HideSolutionNode = FALSE
	EndGlobalSection
	GlobalSection(ExtensibilityGlobals) = postSolution
		SolutionGuid = {15093307-0F60-4F1E-899D-4093F872E9DC}
	EndGlobalSection
EndGlobal
